
Microsoft Visual Studio Solution File, Format Version 12.00
# Visual Studio 15
VisualStudioVersion = 15.0.27703.2026
MinimumVisualStudioVersion = 10.0.40219.1
Project("{FAE04EC0-301F-11D3-BF4B-00C04F79EFBC}") = "BibliotecaUPN.Web", "BibliotecaUPN.Web\BibliotecaUPN.Web.csproj", "{2024BD2B-5897-4C36-AB3A-738F23148507}"
EndProject
Project("{FAE04EC0-301F-11D3-BF4B-00C04F79EFBC}") = "PruebasUnitatias", "PruebasUnitatias\PruebasUnitatias.csproj", "{C992954E-9518-4016-A1A5-366BC81545E6}"
EndProject
Global
	GlobalSection(SolutionConfigurationPlatforms) = preSolution
		Debug|Any CPU = Debug|Any CPU
		Release|Any CPU = Release|Any CPU
	EndGlobalSection
	GlobalSection(ProjectConfigurationPlatforms) = postSolution
		{2024BD2B-5897-4C36-AB3A-738F23148507}.Debug|Any CPU.ActiveCfg = Debug|Any CPU
		{2024BD2B-5897-4C36-AB3A-738F23148507}.Debug|Any CPU.Build.0 = Debug|Any CPU
		{2024BD2B-5897-4C36-AB3A-738F23148507}.Release|Any CPU.ActiveCfg = Release|Any CPU
		{2024BD2B-5897-4C36-AB3A-738F23148507}.Release|Any CPU.Build.0 = Release|Any CPU
		{C992954E-9518-4016-A1A5-366BC81545E6}.Debug|Any CPU.ActiveCfg = Debug|Any CPU
		{C992954E-9518-4016-A1A5-366BC81545E6}.Debug|Any CPU.Build.0 = Debug|Any CPU
		{C992954E-9518-4016-A1A5-366BC81545E6}.Release|Any CPU.ActiveCfg = Release|Any CPU
		{C992954E-9518-4016-A1A5-366BC81545E6}.Release|Any CPU.Build.0 = Release|Any CPU
	EndGlobalSection
	GlobalSection(SolutionProperties) = preSolution
		HideSolutionNode = FALSE
	EndGlobalSection
	GlobalSection(ExtensibilityGlobals) = postSolution
		SolutionGuid = {33674DEF-A1BB-4A01-95FA-F09A9120B31F}
	EndGlobalSection
EndGlobal
